
Microsoft Visual Studio Solution File, Format Version 12.00
# Visual Studio Version 17
VisualStudioVersion = 17.14.36401.2 d17.14
MinimumVisualStudioVersion = 10.0.40219.1
Project("{FAE04EC0-301F-11D3-BF4B-00C04F79EFBC}") = "DanielTerry_Assesment1", "DanielTerry_Assesment1.csproj", "{BADCECA0-F43C-45A7-BB90-E4D8CAB9903E}"
EndProject
Global
	GlobalSection(SolutionConfigurationPlatforms) = preSolution
		Debug|Any CPU = Debug|Any CPU
		Release|Any CPU = Release|Any CPU
	EndGlobalSection
	GlobalSection(ProjectConfigurationPlatforms) = postSolution
		{BADCECA0-F43C-45A7-BB90-E4D8CAB9903E}.Debug|Any CPU.ActiveCfg = Debug|Any CPU
		{BADCECA0-F43C-45A7-BB90-E4D8CAB9903E}.Debug|Any CPU.Build.0 = Debug|Any CPU
		{BADCECA0-F43C-45A7-BB90-E4D8CAB9903E}.Release|Any CPU.ActiveCfg = Release|Any CPU
		{BADCECA0-F43C-45A7-BB90-E4D8CAB9903E}.Release|Any CPU.Build.0 = Release|Any CPU
	EndGlobalSection
	GlobalSection(SolutionProperties) = preSolution
		HideSolutionNode = FALSE
	EndGlobalSection
	GlobalSection(ExtensibilityGlobals) = postSolution
		SolutionGuid = {384EF1C7-5A51-42D0-A216-B911CD972E4C}
	EndGlobalSection
EndGlobal
